// !$*UTF8*$!
{
	archiveVersion = 1;
	classes = {
	};
	objectVersion = 48;
	objects = {

/* Begin PBXBuildFile section */
		511DE9A120243B12003C0310 /* YTBaseViewController.m in Sources */ = {isa = PBXBuildFile; fileRef = 511DE9A020243B12003C0310 /* YTBaseViewController.m */; };
		511DE9A420243B58003C0310 /* YTBaseTabBarController.m in Sources */ = {isa = PBXBuildFile; fileRef = 511DE9A320243B58003C0310 /* YTBaseTabBarController.m */; };
		511DE9A720243B8D003C0310 /* YTBaseNavController.m in Sources */ = {isa = PBXBuildFile; fileRef = 511DE9A620243B8D003C0310 /* YTBaseNavController.m */; };
		511DE9AC20243F02003C0310 /* YTChoseViewController.m in Sources */ = {isa = PBXBuildFile; fileRef = 511DE9AB20243F02003C0310 /* YTChoseViewController.m */; };
		511DE9AF20243F37003C0310 /* YTVideoViewController.m in Sources */ = {isa = PBXBuildFile; fileRef = 511DE9AE20243F37003C0310 /* YTVideoViewController.m */; };
		511DE9B220243F4F003C0310 /* YTDiscoverViewController.m in Sources */ = {isa = PBXBuildFile; fileRef = 511DE9B120243F4F003C0310 /* YTDiscoverViewController.m */; };
		511DE9B8202442A3003C0310 /* YTProfileViewController.m in Sources */ = {isa = PBXBuildFile; fileRef = 511DE9B7202442A3003C0310 /* YTProfileViewController.m */; };
		511DE9BB20244971003C0310 /* YTCustomNav.m in Sources */ = {isa = PBXBuildFile; fileRef = 511DE9BA20244971003C0310 /* YTCustomNav.m */; };
		511DE9BE202462F7003C0310 /* YTChooseCell.m in Sources */ = {isa = PBXBuildFile; fileRef = 511DE9BD202462F7003C0310 /* YTChooseCell.m */; };
		51261E5C20413E6000C7E458 /* YTDiscoverCell.m in Sources */ = {isa = PBXBuildFile; fileRef = 51261E5B20413E6000C7E458 /* YTDiscoverCell.m */; };
		51261E5F2041485500C7E458 /* YTDiscoverCollectionCell.m in Sources */ = {isa = PBXBuildFile; fileRef = 51261E5E2041485500C7E458 /* YTDiscoverCollectionCell.m */; };
		512F32962029ADA10030BB4D /* YTJXHandler.m in Sources */ = {isa = PBXBuildFile; fileRef = 51AD784A20283BB700450709 /* YTJXHandler.m */; };
		512F32972029AE0E0030BB4D /* Data.m in Sources */ = {isa = PBXBuildFile; fileRef = 51AD783C20282FE200450709 /* Data.m */; };
		512F32992029AE0E0030BB4D /* YTHttpTool.m in Sources */ = {isa = PBXBuildFile; fileRef = 51AD784420283A3F00450709 /* YTHttpTool.m */; };
		512F329A2029AE0E0030BB4D /* UIImageView+SDWebImage.m in Sources */ = {isa = PBXBuildFile; fileRef = 51AD784D2028438200450709 /* UIImageView+SDWebImage.m */; };
		512F329B2029AE0E0030BB4D /* YTHandler.m in Sources */ = {isa = PBXBuildFile; fileRef = 51AD784720283B0700450709 /* YTHandler.m */; };
		512F329C2029AE0E0030BB4D /* MJExtensionConfig.m in Sources */ = {isa = PBXBuildFile; fileRef = 51AD784F2028571500450709 /* MJExtensionConfig.m */; };
		518E51332022FD8700BD22E6 /* Main.storyboard in Resources */ = {isa = PBXBuildFile; fileRef = 518E51312022FD8700BD22E6 /* Main.storyboard */; };
		518E51352022FD8700BD22E6 /* Assets.xcassets in Resources */ = {isa = PBXBuildFile; fileRef = 518E51342022FD8700BD22E6 /* Assets.xcassets */; };
		518E51382022FD8700BD22E6 /* LaunchScreen.storyboard in Resources */ = {isa = PBXBuildFile; fileRef = 518E51362022FD8700BD22E6 /* LaunchScreen.storyboard */; };
		518E51452022FD8700BD22E6 /* YTNewMedia_iOSTests.m in Sources */ = {isa = PBXBuildFile; fileRef = 518E51442022FD8700BD22E6 /* YTNewMedia_iOSTests.m */; };
		518E516B2023018500BD22E6 /* main.m in Sources */ = {isa = PBXBuildFile; fileRef = 518E51672023018400BD22E6 /* main.m */; };
		518E516C2023018500BD22E6 /* AppDelegate.m in Sources */ = {isa = PBXBuildFile; fileRef = 518E51682023018400BD22E6 /* AppDelegate.m */; };
		518E5172202304EB00BD22E6 /* ViewController.m in Sources */ = {isa = PBXBuildFile; fileRef = 518E5171202304EB00BD22E6 /* ViewController.m */; };
		51D9B104202BF2800031068C /* YTVideoModel.m in Sources */ = {isa = PBXBuildFile; fileRef = 51D9B103202BF2800031068C /* YTVideoModel.m */; };
		51D9B10A202BF4800031068C /* YTVideoCell.m in Sources */ = {isa = PBXBuildFile; fileRef = 51D9B109202BF4800031068C /* YTVideoCell.m */; };
		5DC73153414DB1B4AAB416B0 /* libPods-YTNewMedia_iOSTests.a in Frameworks */ = {isa = PBXBuildFile; fileRef = 489C3CD703E64502CC2CD29F /* libPods-YTNewMedia_iOSTests.a */; };
		E09CF69DF87F74DB121330A6 /* libPods-YTNewMedia_iOS.a in Frameworks */ = {isa = PBXBuildFile; fileRef = 84988FF4177244DA1AF56353 /* libPods-YTNewMedia_iOS.a */; };
/* End PBXBuildFile section */

/* Begin PBXContainerItemProxy section */
		518E51412022FD8700BD22E6 /* PBXContainerItemProxy */ = {
			isa = PBXContainerItemProxy;
			containerPortal = 518E51202022FD8700BD22E6 /* Project object */;
			proxyType = 1;
			remoteGlobalIDString = 518E51272022FD8700BD22E6;
			remoteInfo = YTNewMedia_iOS;
		};
/* End PBXContainerItemProxy section */

/* Begin PBXFileReference section */
		34A0A231D212B0B634083DE0 /* Pods-YTNewMedia_iOSTests.release.xcconfig */ = {isa = PBXFileReference; includeInIndex = 1; lastKnownFileType = text.xcconfig; name = "Pods-YTNewMedia_iOSTests.release.xcconfig"; path = "Pods/Target Support Files/Pods-YTNewMedia_iOSTests/Pods-YTNewMedia_iOSTests.release.xcconfig"; sourceTree = "<group>"; };
		489C3CD703E64502CC2CD29F /* libPods-YTNewMedia_iOSTests.a */ = {isa = PBXFileReference; explicitFileType = archive.ar; includeInIndex = 0; path = "libPods-YTNewMedia_iOSTests.a"; sourceTree = BUILT_PRODUCTS_DIR; };
		511DE99F20243B12003C0310 /* YTBaseViewController.h */ = {isa = PBXFileReference; lastKnownFileType = sourcecode.c.h; path = YTBaseViewController.h; sourceTree = "<group>"; };
		511DE9A020243B12003C0310 /* YTBaseViewController.m */ = {isa = PBXFileReference; lastKnownFileType = sourcecode.c.objc; path = YTBaseViewController.m; sourceTree = "<group>"; };
		511DE9A220243B58003C0310 /* YTBaseTabBarController.h */ = {isa = PBXFileReference; lastKnownFileType = sourcecode.c.h; path = YTBaseTabBarController.h; sourceTree = "<group>"; };
		511DE9A320243B58003C0310 /* YTBaseTabBarController.m */ = {isa = PBXFileReference; lastKnownFileType = sourcecode.c.objc; path = YTBaseTabBarController.m; sourceTree = "<group>"; };
		511DE9A520243B8D003C0310 /* YTBaseNavController.h */ = {isa = PBXFileReference; lastKnownFileType = sourcecode.c.h; path = YTBaseNavController.h; sourceTree = "<group>"; };
		511DE9A620243B8D003C0310 /* YTBaseNavController.m */ = {isa = PBXFileReference; lastKnownFileType = sourcecode.c.objc; path = YTBaseNavController.m; sourceTree = "<group>"; };
		511DE9A820243BCD003C0310 /* Macros.h */ = {isa = PBXFileReference; lastKnownFileType = sourcecode.c.h; path = Macros.h; sourceTree = "<group>"; };
		511DE9A920243D98003C0310 /* PrefixHeader.pch */ = {isa = PBXFileReference; lastKnownFileType = sourcecode.c.h; path = PrefixHeader.pch; sourceTree = "<group>"; };
		511DE9AA20243F02003C0310 /* YTChoseViewController.h */ = {isa = PBXFileReference; lastKnownFileType = sourcecode.c.h; path = YTChoseViewController.h; sourceTree = "<group>"; };
		511DE9AB20243F02003C0310 /* YTChoseViewController.m */ = {isa = PBXFileReference; lastKnownFileType = sourcecode.c.objc; path = YTChoseViewController.m; sourceTree = "<group>"; };
		511DE9AD20243F37003C0310 /* YTVideoViewController.h */ = {isa = PBXFileReference; lastKnownFileType = sourcecode.c.h; path = YTVideoViewController.h; sourceTree = "<group>"; };
		511DE9AE20243F37003C0310 /* YTVideoViewController.m */ = {isa = PBXFileReference; lastKnownFileType = sourcecode.c.objc; path = YTVideoViewController.m; sourceTree = "<group>"; };
		511DE9B020243F4F003C0310 /* YTDiscoverViewController.h */ = {isa = PBXFileReference; lastKnownFileType = sourcecode.c.h; path = YTDiscoverViewController.h; sourceTree = "<group>"; };
		511DE9B120243F4F003C0310 /* YTDiscoverViewController.m */ = {isa = PBXFileReference; lastKnownFileType = sourcecode.c.objc; path = YTDiscoverViewController.m; sourceTree = "<group>"; };
		511DE9B6202442A3003C0310 /* YTProfileViewController.h */ = {isa = PBXFileReference; lastKnownFileType = sourcecode.c.h; path = YTProfileViewController.h; sourceTree = "<group>"; };
		511DE9B7202442A3003C0310 /* YTProfileViewController.m */ = {isa = PBXFileReference; lastKnownFileType = sourcecode.c.objc; path = YTProfileViewController.m; sourceTree = "<group>"; };
		511DE9B920244971003C0310 /* YTCustomNav.h */ = {isa = PBXFileReference; lastKnownFileType = sourcecode.c.h; path = YTCustomNav.h; sourceTree = "<group>"; };
		511DE9BA20244971003C0310 /* YTCustomNav.m */ = {isa = PBXFileReference; lastKnownFileType = sourcecode.c.objc; path = YTCustomNav.m; sourceTree = "<group>"; };
		511DE9BC202462F7003C0310 /* YTChooseCell.h */ = {isa = PBXFileReference; lastKnownFileType = sourcecode.c.h; path = YTChooseCell.h; sourceTree = "<group>"; };
		511DE9BD202462F7003C0310 /* YTChooseCell.m */ = {isa = PBXFileReference; lastKnownFileType = sourcecode.c.objc; path = YTChooseCell.m; sourceTree = "<group>"; };
		51261E5A20413E6000C7E458 /* YTDiscoverCell.h */ = {isa = PBXFileReference; lastKnownFileType = sourcecode.c.h; path = YTDiscoverCell.h; sourceTree = "<group>"; };
		51261E5B20413E6000C7E458 /* YTDiscoverCell.m */ = {isa = PBXFileReference; lastKnownFileType = sourcecode.c.objc; path = YTDiscoverCell.m; sourceTree = "<group>"; };
		51261E5D2041485500C7E458 /* YTDiscoverCollectionCell.h */ = {isa = PBXFileReference; lastKnownFileType = sourcecode.c.h; path = YTDiscoverCollectionCell.h; sourceTree = "<group>"; };
		51261E5E2041485500C7E458 /* YTDiscoverCollectionCell.m */ = {isa = PBXFileReference; lastKnownFileType = sourcecode.c.objc; path = YTDiscoverCollectionCell.m; sourceTree = "<group>"; };
		518E51282022FD8700BD22E6 /* YTNewMedia_iOS.app */ = {isa = PBXFileReference; explicitFileType = wrapper.application; includeInIndex = 0; path = YTNewMedia_iOS.app; sourceTree = BUILT_PRODUCTS_DIR; };
		518E51322022FD8700BD22E6 /* Base */ = {isa = PBXFileReference; lastKnownFileType = file.storyboard; name = Base; path = Base.lproj/Main.storyboard; sourceTree = "<group>"; };
		518E51342022FD8700BD22E6 /* Assets.xcassets */ = {isa = PBXFileReference; lastKnownFileType = folder.assetcatalog; path = Assets.xcassets; sourceTree = "<group>"; };
		518E51372022FD8700BD22E6 /* Base */ = {isa = PBXFileReference; lastKnownFileType = file.storyboard; name = Base; path = Base.lproj/LaunchScreen.storyboard; sourceTree = "<group>"; };
		518E51392022FD8700BD22E6 /* Info.plist */ = {isa = PBXFileReference; lastKnownFileType = text.plist.xml; path = Info.plist; sourceTree = "<group>"; };
		518E51402022FD8700BD22E6 /* YTNewMedia_iOSTests.xctest */ = {isa = PBXFileReference; explicitFileType = wrapper.cfbundle; includeInIndex = 0; path = YTNewMedia_iOSTests.xctest; sourceTree = BUILT_PRODUCTS_DIR; };
		518E51442022FD8700BD22E6 /* YTNewMedia_iOSTests.m */ = {isa = PBXFileReference; lastKnownFileType = sourcecode.c.objc; path = YTNewMedia_iOSTests.m; sourceTree = "<group>"; };
		518E51462022FD8700BD22E6 /* Info.plist */ = {isa = PBXFileReference; lastKnownFileType = text.plist.xml; path = Info.plist; sourceTree = "<group>"; };
		518E51652023018400BD22E6 /* AppDelegate.h */ = {isa = PBXFileReference; fileEncoding = 4; lastKnownFileType = sourcecode.c.h; path = AppDelegate.h; sourceTree = "<group>"; };
		518E51672023018400BD22E6 /* main.m */ = {isa = PBXFileReference; fileEncoding = 4; lastKnownFileType = sourcecode.c.objc; path = main.m; sourceTree = "<group>"; };
		518E51682023018400BD22E6 /* AppDelegate.m */ = {isa = PBXFileReference; fileEncoding = 4; lastKnownFileType = sourcecode.c.objc; path = AppDelegate.m; sourceTree = "<group>"; };
		518E5170202304EB00BD22E6 /* ViewController.h */ = {isa = PBXFileReference; lastKnownFileType = sourcecode.c.h; path = ViewController.h; sourceTree = "<group>"; };
		518E5171202304EB00BD22E6 /* ViewController.m */ = {isa = PBXFileReference; lastKnownFileType = sourcecode.c.objc; path = ViewController.m; sourceTree = "<group>"; };
		51AD783A20282FE200450709 /* Data.h */ = {isa = PBXFileReference; fileEncoding = 4; lastKnownFileType = sourcecode.c.h; path = Data.h; sourceTree = "<group>"; };
		51AD783C20282FE200450709 /* Data.m */ = {isa = PBXFileReference; fileEncoding = 4; lastKnownFileType = sourcecode.c.objc; path = Data.m; sourceTree = "<group>"; };
		51AD78402028389300450709 /* YTAPIConfig.h */ = {isa = PBXFileReference; lastKnownFileType = sourcecode.c.h; path = YTAPIConfig.h; sourceTree = "<group>"; };
		51AD784320283A3F00450709 /* YTHttpTool.h */ = {isa = PBXFileReference; lastKnownFileType = sourcecode.c.h; path = YTHttpTool.h; sourceTree = "<group>"; };
		51AD784420283A3F00450709 /* YTHttpTool.m */ = {isa = PBXFileReference; lastKnownFileType = sourcecode.c.objc; path = YTHttpTool.m; sourceTree = "<group>"; };
		51AD784620283B0700450709 /* YTHandler.h */ = {isa = PBXFileReference; lastKnownFileType = sourcecode.c.h; path = YTHandler.h; sourceTree = "<group>"; };
		51AD784720283B0700450709 /* YTHandler.m */ = {isa = PBXFileReference; lastKnownFileType = sourcecode.c.objc; path = YTHandler.m; sourceTree = "<group>"; };
		51AD784920283BB700450709 /* YTJXHandler.h */ = {isa = PBXFileReference; lastKnownFileType = sourcecode.c.h; path = YTJXHandler.h; sourceTree = "<group>"; };
		51AD784A20283BB700450709 /* YTJXHandler.m */ = {isa = PBXFileReference; lastKnownFileType = sourcecode.c.objc; path = YTJXHandler.m; sourceTree = "<group>"; };
		51AD784C2028438200450709 /* UIImageView+SDWebImage.h */ = {isa = PBXFileReference; fileEncoding = 4; lastKnownFileType = sourcecode.c.h; path = "UIImageView+SDWebImage.h"; sourceTree = "<group>"; };
		51AD784D2028438200450709 /* UIImageView+SDWebImage.m */ = {isa = PBXFileReference; fileEncoding = 4; lastKnownFileType = sourcecode.c.objc; path = "UIImageView+SDWebImage.m"; sourceTree = "<group>"; };
		51AD784F2028571500450709 /* MJExtensionConfig.m */ = {isa = PBXFileReference; fileEncoding = 4; lastKnownFileType = sourcecode.c.objc; path = MJExtensionConfig.m; sourceTree = "<group>"; };
		51AD78502028571500450709 /* MJExtensionConfig.h */ = {isa = PBXFileReference; fileEncoding = 4; lastKnownFileType = sourcecode.c.h; path = MJExtensionConfig.h; sourceTree = "<group>"; };
		51D9B102202BF2800031068C /* YTVideoModel.h */ = {isa = PBXFileReference; lastKnownFileType = sourcecode.c.h; path = YTVideoModel.h; sourceTree = "<group>"; };
		51D9B103202BF2800031068C /* YTVideoModel.m */ = {isa = PBXFileReference; lastKnownFileType = sourcecode.c.objc; path = YTVideoModel.m; sourceTree = "<group>"; };
		51D9B108202BF4800031068C /* YTVideoCell.h */ = {isa = PBXFileReference; lastKnownFileType = sourcecode.c.h; path = YTVideoCell.h; sourceTree = "<group>"; };
		51D9B109202BF4800031068C /* YTVideoCell.m */ = {isa = PBXFileReference; lastKnownFileType = sourcecode.c.objc; path = YTVideoCell.m; sourceTree = "<group>"; };
		84988FF4177244DA1AF56353 /* libPods-YTNewMedia_iOS.a */ = {isa = PBXFileReference; explicitFileType = archive.ar; includeInIndex = 0; path = "libPods-YTNewMedia_iOS.a"; sourceTree = BUILT_PRODUCTS_DIR; };
		93EE8DA273BBBFC4CBF54673 /* Pods-YTNewMedia_iOS.debug.xcconfig */ = {isa = PBXFileReference; includeInIndex = 1; lastKnownFileType = text.xcconfig; name = "Pods-YTNewMedia_iOS.debug.xcconfig"; path = "Pods/Target Support Files/Pods-YTNewMedia_iOS/Pods-YTNewMedia_iOS.debug.xcconfig"; sourceTree = "<group>"; };
		94BA787A92254D751F66FF0D /* Pods-YTNewMedia_iOSTests.debug.xcconfig */ = {isa = PBXFileReference; includeInIndex = 1; lastKnownFileType = text.xcconfig; name = "Pods-YTNewMedia_iOSTests.debug.xcconfig"; path = "Pods/Target Support Files/Pods-YTNewMedia_iOSTests/Pods-YTNewMedia_iOSTests.debug.xcconfig"; sourceTree = "<group>"; };
		B36EAA9B332D6540B0A72CDD /* Pods-YTNewMedia_iOS.release.xcconfig */ = {isa = PBXFileReference; includeInIndex = 1; lastKnownFileType = text.xcconfig; name = "Pods-YTNewMedia_iOS.release.xcconfig"; path = "Pods/Target Support Files/Pods-YTNewMedia_iOS/Pods-YTNewMedia_iOS.release.xcconfig"; sourceTree = "<group>"; };
/* End PBXFileReference section */

/* Begin PBXFrameworksBuildPhase section */
		518E51252022FD8700BD22E6 /* Frameworks */ = {
			isa = PBXFrameworksBuildPhase;
			buildActionMask = 2147483647;
			files = (
				E09CF69DF87F74DB121330A6 /* libPods-YTNewMedia_iOS.a in Frameworks */,
			);
			runOnlyForDeploymentPostprocessing = 0;
		};
		518E513D2022FD8700BD22E6 /* Frameworks */ = {
			isa = PBXFrameworksBuildPhase;
			buildActionMask = 2147483647;
			files = (
				5DC73153414DB1B4AAB416B0 /* libPods-YTNewMedia_iOSTests.a in Frameworks */,
			);
			runOnlyForDeploymentPostprocessing = 0;
		};
/* End PBXFrameworksBuildPhase section */

/* Begin PBXGroup section */
		21C399FF7EA92A360D8891A1 /* Frameworks */ = {
			isa = PBXGroup;
			children = (
				84988FF4177244DA1AF56353 /* libPods-YTNewMedia_iOS.a */,
				489C3CD703E64502CC2CD29F /* libPods-YTNewMedia_iOSTests.a */,
			);
			name = Frameworks;
			sourceTree = "<group>";
		};
		518E511F2022FD8700BD22E6 = {
			isa = PBXGroup;
			children = (
				518E512A2022FD8700BD22E6 /* YTNewMedia_iOS */,
				518E51432022FD8700BD22E6 /* YTNewMedia_iOSTests */,
				518E51292022FD8700BD22E6 /* Products */,
				E7B628D8030871421AFD2A6A /* Pods */,
				21C399FF7EA92A360D8891A1 /* Frameworks */,
			);
			sourceTree = "<group>";
		};
		518E51292022FD8700BD22E6 /* Products */ = {
			isa = PBXGroup;
			children = (
				518E51282022FD8700BD22E6 /* YTNewMedia_iOS.app */,
				518E51402022FD8700BD22E6 /* YTNewMedia_iOSTests.xctest */,
			);
			name = Products;
			sourceTree = "<group>";
		};
		518E512A2022FD8700BD22E6 /* YTNewMedia_iOS */ = {
			isa = PBXGroup;
			children = (
				518E514F2023018400BD22E6 /* Classes */,
				518E51312022FD8700BD22E6 /* Main.storyboard */,
				518E51342022FD8700BD22E6 /* Assets.xcassets */,
				518E51362022FD8700BD22E6 /* LaunchScreen.storyboard */,
				518E51392022FD8700BD22E6 /* Info.plist */,
			);
			path = YTNewMedia_iOS;
			sourceTree = "<group>";
		};
		518E51432022FD8700BD22E6 /* YTNewMedia_iOSTests */ = {
			isa = PBXGroup;
			children = (
				518E51442022FD8700BD22E6 /* YTNewMedia_iOSTests.m */,
				518E51462022FD8700BD22E6 /* Info.plist */,
			);
			path = YTNewMedia_iOSTests;
			sourceTree = "<group>";
		};
		518E514F2023018400BD22E6 /* Classes */ = {
			isa = PBXGroup;
			children = (
				518E515C2023018400BD22E6 /* Base基类 */,
				518E51602023018400BD22E6 /* Choose精选 */,
				518E51582023018400BD22E6 /* Video视频 */,
				518E51502023018400BD22E6 /* Discover发现 */,
				518E51542023018400BD22E6 /* Profile我的 */,
				518E515F2023018400BD22E6 /* Network网络层 */,
				518E51642023018400BD22E6 /* Main */,
				518E515E2023018400BD22E6 /* Libs */,
				518E515D2023018400BD22E6 /* Other */,
			);
			path = Classes;
			sourceTree = "<group>";
		};
		518E51502023018400BD22E6 /* Discover发现 */ = {
			isa = PBXGroup;
			children = (
				518E51512023018400BD22E6 /* Controller */,
				518E51522023018400BD22E6 /* Model */,
				518E51532023018400BD22E6 /* View */,
			);
			path = "Discover发现";
			sourceTree = "<group>";
		};
		518E51512023018400BD22E6 /* Controller */ = {
			isa = PBXGroup;
			children = (
				511DE9B020243F4F003C0310 /* YTDiscoverViewController.h */,
				511DE9B120243F4F003C0310 /* YTDiscoverViewController.m */,
			);
			path = Controller;
			sourceTree = "<group>";
		};
		518E51522023018400BD22E6 /* Model */ = {
			isa = PBXGroup;
			children = (
			);
			path = Model;
			sourceTree = "<group>";
		};
		518E51532023018400BD22E6 /* View */ = {
			isa = PBXGroup;
			children = (
				51261E5A20413E6000C7E458 /* YTDiscoverCell.h */,
				51261E5B20413E6000C7E458 /* YTDiscoverCell.m */,
				51261E5D2041485500C7E458 /* YTDiscoverCollectionCell.h */,
				51261E5E2041485500C7E458 /* YTDiscoverCollectionCell.m */,
			);
			path = View;
			sourceTree = "<group>";
		};
		518E51542023018400BD22E6 /* Profile我的 */ = {
			isa = PBXGroup;
			children = (
				518E51552023018400BD22E6 /* Controller */,
				518E51562023018400BD22E6 /* Model */,
				518E51572023018400BD22E6 /* View */,
			);
			path = "Profile我的";
			sourceTree = "<group>";
		};
		518E51552023018400BD22E6 /* Controller */ = {
			isa = PBXGroup;
			children = (
				511DE9B6202442A3003C0310 /* YTProfileViewController.h */,
				511DE9B7202442A3003C0310 /* YTProfileViewController.m */,
			);
			path = Controller;
			sourceTree = "<group>";
		};
		518E51562023018400BD22E6 /* Model */ = {
			isa = PBXGroup;
			children = (
			);
			path = Model;
			sourceTree = "<group>";
		};
		518E51572023018400BD22E6 /* View */ = {
			isa = PBXGroup;
			children = (
			);
			path = View;
			sourceTree = "<group>";
		};
		518E51582023018400BD22E6 /* Video视频 */ = {
			isa = PBXGroup;
			children = (
				518E51592023018400BD22E6 /* Controller */,
				518E515A2023018400BD22E6 /* Model */,
				518E515B2023018400BD22E6 /* View */,
			);
			path = "Video视频";
			sourceTree = "<group>";
		};
		518E51592023018400BD22E6 /* Controller */ = {
			isa = PBXGroup;
			children = (
				511DE9AD20243F37003C0310 /* YTVideoViewController.h */,
				511DE9AE20243F37003C0310 /* YTVideoViewController.m */,
			);
			path = Controller;
			sourceTree = "<group>";
		};
		518E515A2023018400BD22E6 /* Model */ = {
			isa = PBXGroup;
			children = (
				51D9B102202BF2800031068C /* YTVideoModel.h */,
				51D9B103202BF2800031068C /* YTVideoModel.m */,
			);
			path = Model;
			sourceTree = "<group>";
		};
		518E515B2023018400BD22E6 /* View */ = {
			isa = PBXGroup;
			children = (
				51D9B108202BF4800031068C /* YTVideoCell.h */,
				51D9B109202BF4800031068C /* YTVideoCell.m */,
			);
			path = View;
			sourceTree = "<group>";
		};
		518E515C2023018400BD22E6 /* Base基类 */ = {
			isa = PBXGroup;
			children = (
				511DE99F20243B12003C0310 /* YTBaseViewController.h */,
				511DE9A020243B12003C0310 /* YTBaseViewController.m */,
				511DE9A220243B58003C0310 /* YTBaseTabBarController.h */,
				511DE9A320243B58003C0310 /* YTBaseTabBarController.m */,
				511DE9A520243B8D003C0310 /* YTBaseNavController.h */,
				511DE9A620243B8D003C0310 /* YTBaseNavController.m */,
				511DE9B920244971003C0310 /* YTCustomNav.h */,
				511DE9BA20244971003C0310 /* YTCustomNav.m */,
			);
			path = "Base基类";
			sourceTree = "<group>";
		};
		518E515D2023018400BD22E6 /* Other */ = {
			isa = PBXGroup;
			children = (
				511DE9A820243BCD003C0310 /* Macros.h */,
				51AD78502028571500450709 /* MJExtensionConfig.h */,
				51AD784F2028571500450709 /* MJExtensionConfig.m */,
			);
			path = Other;
			sourceTree = "<group>";
		};
		518E515E2023018400BD22E6 /* Libs */ = {
			isa = PBXGroup;
			children = (
			);
			path = Libs;
			sourceTree = "<group>";
		};
		518E515F2023018400BD22E6 /* Network网络层 */ = {
			isa = PBXGroup;
			children = (
				51AD78402028389300450709 /* YTAPIConfig.h */,
				51AD784320283A3F00450709 /* YTHttpTool.h */,
				51AD784420283A3F00450709 /* YTHttpTool.m */,
				51AD784C2028438200450709 /* UIImageView+SDWebImage.h */,
				51AD784D2028438200450709 /* UIImageView+SDWebImage.m */,
				51AD784620283B0700450709 /* YTHandler.h */,
				51AD784720283B0700450709 /* YTHandler.m */,
				51AD784920283BB700450709 /* YTJXHandler.h */,
				51AD784A20283BB700450709 /* YTJXHandler.m */,
			);
			path = "Network网络层";
			sourceTree = "<group>";
		};
		518E51602023018400BD22E6 /* Choose精选 */ = {
			isa = PBXGroup;
			children = (
				518E51612023018400BD22E6 /* Controller */,
				518E51622023018400BD22E6 /* Model */,
				518E51632023018400BD22E6 /* View */,
			);
			path = "Choose精选";
			sourceTree = "<group>";
		};
		518E51612023018400BD22E6 /* Controller */ = {
			isa = PBXGroup;
			children = (
				511DE9AA20243F02003C0310 /* YTChoseViewController.h */,
				511DE9AB20243F02003C0310 /* YTChoseViewController.m */,
			);
			path = Controller;
			sourceTree = "<group>";
		};
		518E51622023018400BD22E6 /* Model */ = {
			isa = PBXGroup;
			children = (
				51AD783A20282FE200450709 /* Data.h */,
				51AD783C20282FE200450709 /* Data.m */,
			);
			path = Model;
			sourceTree = "<group>";
		};
		518E51632023018400BD22E6 /* View */ = {
			isa = PBXGroup;
			children = (
				511DE9BC202462F7003C0310 /* YTChooseCell.h */,
				511DE9BD202462F7003C0310 /* YTChooseCell.m */,
			);
			path = View;
			sourceTree = "<group>";
		};
		518E51642023018400BD22E6 /* Main */ = {
			isa = PBXGroup;
			children = (
				518E51652023018400BD22E6 /* AppDelegate.h */,
				518E51682023018400BD22E6 /* AppDelegate.m */,
				518E5170202304EB00BD22E6 /* ViewController.h */,
				518E5171202304EB00BD22E6 /* ViewController.m */,
				518E51672023018400BD22E6 /* main.m */,
				511DE9A920243D98003C0310 /* PrefixHeader.pch */,
			);
			path = Main;
			sourceTree = "<group>";
		};
		E7B628D8030871421AFD2A6A /* Pods */ = {
			isa = PBXGroup;
			children = (
				93EE8DA273BBBFC4CBF54673 /* Pods-YTNewMedia_iOS.debug.xcconfig */,
				B36EAA9B332D6540B0A72CDD /* Pods-YTNewMedia_iOS.release.xcconfig */,
				94BA787A92254D751F66FF0D /* Pods-YTNewMedia_iOSTests.debug.xcconfig */,
				34A0A231D212B0B634083DE0 /* Pods-YTNewMedia_iOSTests.release.xcconfig */,
			);
			name = Pods;
			sourceTree = "<group>";
		};
/* End PBXGroup section */

/* Begin PBXNativeTarget section */
		518E51272022FD8700BD22E6 /* YTNewMedia_iOS */ = {
			isa = PBXNativeTarget;
			buildConfigurationList = 518E51492022FD8700BD22E6 /* Build configuration list for PBXNativeTarget "YTNewMedia_iOS" */;
			buildPhases = (
				8A690232E9676289F22859E7 /* [CP] Check Pods Manifest.lock */,
				518E51242022FD8700BD22E6 /* Sources */,
				518E51252022FD8700BD22E6 /* Frameworks */,
				518E51262022FD8700BD22E6 /* Resources */,
				C6934C2F26FE66E70FD261D6 /* [CP] Embed Pods Frameworks */,
				2DD459F7021DAA22CECDECBD /* [CP] Copy Pods Resources */,
			);
			buildRules = (
			);
			dependencies = (
			);
			name = YTNewMedia_iOS;
			productName = YTNewMedia_iOS;
			productReference = 518E51282022FD8700BD22E6 /* YTNewMedia_iOS.app */;
			productType = "com.apple.product-type.application";
		};
		518E513F2022FD8700BD22E6 /* YTNewMedia_iOSTests */ = {
			isa = PBXNativeTarget;
			buildConfigurationList = 518E514C2022FD8700BD22E6 /* Build configuration list for PBXNativeTarget "YTNewMedia_iOSTests" */;
			buildPhases = (
				56538FDDE05B6B56FEC08FF1 /* [CP] Check Pods Manifest.lock */,
				518E513C2022FD8700BD22E6 /* Sources */,
				518E513D2022FD8700BD22E6 /* Frameworks */,
				518E513E2022FD8700BD22E6 /* Resources */,
				1CDBFDAAF4EC0CF12820FF51 /* [CP] Embed Pods Frameworks */,
				CD2A7EC89D292B3866890A3E /* [CP] Copy Pods Resources */,
			);
			buildRules = (
			);
			dependencies = (
				518E51422022FD8700BD22E6 /* PBXTargetDependency */,
			);
			name = YTNewMedia_iOSTests;
			productName = YTNewMedia_iOSTests;
			productReference = 518E51402022FD8700BD22E6 /* YTNewMedia_iOSTests.xctest */;
			productType = "com.apple.product-type.bundle.unit-test";
		};
/* End PBXNativeTarget section */

/* Begin PBXProject section */
		518E51202022FD8700BD22E6 /* Project object */ = {
			isa = PBXProject;
			attributes = {
				CLASSPREFIX = YT;
				LastUpgradeCheck = 0910;
				ORGANIZATIONNAME = "瞿嘉洪";
				TargetAttributes = {
					518E51272022FD8700BD22E6 = {
						CreatedOnToolsVersion = 9.1;
						ProvisioningStyle = Automatic;
					};
					518E513F2022FD8700BD22E6 = {
						CreatedOnToolsVersion = 9.1;
						ProvisioningStyle = Automatic;
						TestTargetID = 518E51272022FD8700BD22E6;
					};
				};
			};
			buildConfigurationList = 518E51232022FD8700BD22E6 /* Build configuration list for PBXProject "YTNewMedia_iOS" */;
			compatibilityVersion = "Xcode 8.0";
			developmentRegion = en;
			hasScannedForEncodings = 0;
			knownRegions = (
				en,
				Base,
			);
			mainGroup = 518E511F2022FD8700BD22E6;
			productRefGroup = 518E51292022FD8700BD22E6 /* Products */;
			projectDirPath = "";
			projectRoot = "";
			targets = (
				518E51272022FD8700BD22E6 /* YTNewMedia_iOS */,
				518E513F2022FD8700BD22E6 /* YTNewMedia_iOSTests */,
			);
		};
/* End PBXProject section */

/* Begin PBXResourcesBuildPhase section */
		518E51262022FD8700BD22E6 /* Resources */ = {
			isa = PBXResourcesBuildPhase;
			buildActionMask = 2147483647;
			files = (
				518E51382022FD8700BD22E6 /* LaunchScreen.storyboard in Resources */,
				518E51352022FD8700BD22E6 /* Assets.xcassets in Resources */,
				518E51332022FD8700BD22E6 /* Main.storyboard in Resources */,
			);
			runOnlyForDeploymentPostprocessing = 0;
		};
		518E513E2022FD8700BD22E6 /* Resources */ = {
			isa = PBXResourcesBuildPhase;
			buildActionMask = 2147483647;
			files = (
			);
			runOnlyForDeploymentPostprocessing = 0;
		};
/* End PBXResourcesBuildPhase section */

/* Begin PBXShellScriptBuildPhase section */
		1CDBFDAAF4EC0CF12820FF51 /* [CP] Embed Pods Frameworks */ = {
			isa = PBXShellScriptBuildPhase;
			buildActionMask = 2147483647;
			files = (
			);
			inputPaths = (
			);
			name = "[CP] Embed Pods Frameworks";
			outputPaths = (
			);
			runOnlyForDeploymentPostprocessing = 0;
			shellPath = /bin/sh;
			shellScript = "\"${SRCROOT}/Pods/Target Support Files/Pods-YTNewMedia_iOSTests/Pods-YTNewMedia_iOSTests-frameworks.sh\"\n";
			showEnvVarsInLog = 0;
		};
		2DD459F7021DAA22CECDECBD /* [CP] Copy Pods Resources */ = {
			isa = PBXShellScriptBuildPhase;
			buildActionMask = 2147483647;
			files = (
			);
			inputPaths = (
				"${SRCROOT}/Pods/Target Support Files/Pods-YTNewMedia_iOS/Pods-YTNewMedia_iOS-resources.sh",
				"${PODS_ROOT}/MJRefresh/MJRefresh/MJRefresh.bundle",
			);
			name = "[CP] Copy Pods Resources";
			outputPaths = (
				"${TARGET_BUILD_DIR}/${UNLOCALIZED_RESOURCES_FOLDER_PATH}",
			);
			runOnlyForDeploymentPostprocessing = 0;
			shellPath = /bin/sh;
			shellScript = "\"${SRCROOT}/Pods/Target Support Files/Pods-YTNewMedia_iOS/Pods-YTNewMedia_iOS-resources.sh\"\n";
			showEnvVarsInLog = 0;
		};
		56538FDDE05B6B56FEC08FF1 /* [CP] Check Pods Manifest.lock */ = {
			isa = PBXShellScriptBuildPhase;
			buildActionMask = 2147483647;
			files = (
			);
			inputPaths = (
				"${PODS_PODFILE_DIR_PATH}/Podfile.lock",
				"${PODS_ROOT}/Manifest.lock",
			);
			name = "[CP] Check Pods Manifest.lock";
			outputPaths = (
				"$(DERIVED_FILE_DIR)/Pods-YTNewMedia_iOSTests-checkManifestLockResult.txt",
			);
			runOnlyForDeploymentPostprocessing = 0;
			shellPath = /bin/sh;
			shellScript = "diff \"${PODS_PODFILE_DIR_PATH}/Podfile.lock\" \"${PODS_ROOT}/Manifest.lock\" > /dev/null\nif [ $? != 0 ] ; then\n    # print error to STDERR\n    echo \"error: The sandbox is not in sync with the Podfile.lock. Run 'pod install' or update your CocoaPods installation.\" >&2\n    exit 1\nfi\n# This output is used by Xcode 'outputs' to avoid re-running this script phase.\necho \"SUCCESS\" > \"${SCRIPT_OUTPUT_FILE_0}\"\n";
			showEnvVarsInLog = 0;
		};
		8A690232E9676289F22859E7 /* [CP] Check Pods Manifest.lock */ = {
			isa = PBXShellScriptBuildPhase;
			buildActionMask = 2147483647;
			files = (
			);
			inputPaths = (
				"${PODS_PODFILE_DIR_PATH}/Podfile.lock",
				"${PODS_ROOT}/Manifest.lock",
			);
			name = "[CP] Check Pods Manifest.lock";
			outputPaths = (
				"$(DERIVED_FILE_DIR)/Pods-YTNewMedia_iOS-checkManifestLockResult.txt",
			);
			runOnlyForDeploymentPostprocessing = 0;
			shellPath = /bin/sh;
			shellScript = "diff \"${PODS_PODFILE_DIR_PATH}/Podfile.lock\" \"${PODS_ROOT}/Manifest.lock\" > /dev/null\nif [ $? != 0 ] ; then\n    # print error to STDERR\n    echo \"error: The sandbox is not in sync with the Podfile.lock. Run 'pod install' or update your CocoaPods installation.\" >&2\n    exit 1\nfi\n# This output is used by Xcode 'outputs' to avoid re-running this script phase.\necho \"SUCCESS\" > \"${SCRIPT_OUTPUT_FILE_0}\"\n";
			showEnvVarsInLog = 0;
		};
		C6934C2F26FE66E70FD261D6 /* [CP] Embed Pods Frameworks */ = {
			isa = PBXShellScriptBuildPhase;
			buildActionMask = 2147483647;
			files = (
			);
			inputPaths = (
			);
			name = "[CP] Embed Pods Frameworks";
			outputPaths = (
			);
			runOnlyForDeploymentPostprocessing = 0;
			shellPath = /bin/sh;
			shellScript = "\"${SRCROOT}/Pods/Target Support Files/Pods-YTNewMedia_iOS/Pods-YTNewMedia_iOS-frameworks.sh\"\n";
			showEnvVarsInLog = 0;
		};
		CD2A7EC89D292B3866890A3E /* [CP] Copy Pods Resources */ = {
			isa = PBXShellScriptBuildPhase;
			buildActionMask = 2147483647;
			files = (
			);
			inputPaths = (
			);
			name = "[CP] Copy Pods Resources";
			outputPaths = (
			);
			runOnlyForDeploymentPostprocessing = 0;
			shellPath = /bin/sh;
			shellScript = "\"${SRCROOT}/Pods/Target Support Files/Pods-YTNewMedia_iOSTests/Pods-YTNewMedia_iOSTests-resources.sh\"\n";
			showEnvVarsInLog = 0;
		};
/* End PBXShellScriptBuildPhase section */

/* Begin PBXSourcesBuildPhase section */
		518E51242022FD8700BD22E6 /* Sources */ = {
			isa = PBXSourcesBuildPhase;
			buildActionMask = 2147483647;
			files = (
				512F32972029AE0E0030BB4D /* Data.m in Sources */,
				512F32992029AE0E0030BB4D /* YTHttpTool.m in Sources */,
				512F329A2029AE0E0030BB4D /* UIImageView+SDWebImage.m in Sources */,
				512F329B2029AE0E0030BB4D /* YTHandler.m in Sources */,
				512F329C2029AE0E0030BB4D /* MJExtensionConfig.m in Sources */,
				512F32962029ADA10030BB4D /* YTJXHandler.m in Sources */,
				511DE9A120243B12003C0310 /* YTBaseViewController.m in Sources */,
				511DE9B220243F4F003C0310 /* YTDiscoverViewController.m in Sources */,
				518E5172202304EB00BD22E6 /* ViewController.m in Sources */,
				511DE9A420243B58003C0310 /* YTBaseTabBarController.m in Sources */,
				51D9B10A202BF4800031068C /* YTVideoCell.m in Sources */,
				518E516B2023018500BD22E6 /* main.m in Sources */,
				518E516C2023018500BD22E6 /* AppDelegate.m in Sources */,
				511DE9AF20243F37003C0310 /* YTVideoViewController.m in Sources */,
				51D9B104202BF2800031068C /* YTVideoModel.m in Sources */,
				511DE9BE202462F7003C0310 /* YTChooseCell.m in Sources */,
				511DE9BB20244971003C0310 /* YTCustomNav.m in Sources */,
				51261E5C20413E6000C7E458 /* YTDiscoverCell.m in Sources */,
				511DE9A720243B8D003C0310 /* YTBaseNavController.m in Sources */,
				511DE9AC20243F02003C0310 /* YTChoseViewController.m in Sources */,
				511DE9B8202442A3003C0310 /* YTProfileViewController.m in Sources */,
				51261E5F2041485500C7E458 /* YTDiscoverCollectionCell.m in Sources */,
			);
			runOnlyForDeploymentPostprocessing = 0;
		};
		518E513C2022FD8700BD22E6 /* Sources */ = {
			isa = PBXSourcesBuildPhase;
			buildActionMask = 2147483647;
			files = (
				518E51452022FD8700BD22E6 /* YTNewMedia_iOSTests.m in Sources */,
			);
			runOnlyForDeploymentPostprocessing = 0;
		};
/* End PBXSourcesBuildPhase section */

/* Begin PBXTargetDependency section */
		518E51422022FD8700BD22E6 /* PBXTargetDependency */ = {
			isa = PBXTargetDependency;
			target = 518E51272022FD8700BD22E6 /* YTNewMedia_iOS */;
			targetProxy = 518E51412022FD8700BD22E6 /* PBXContainerItemProxy */;
		};
/* End PBXTargetDependency section */

/* Begin PBXVariantGroup section */
		518E51312022FD8700BD22E6 /* Main.storyboard */ = {
			isa = PBXVariantGroup;
			children = (
				518E51322022FD8700BD22E6 /* Base */,
			);
			name = Main.storyboard;
			sourceTree = "<group>";
		};
		518E51362022FD8700BD22E6 /* LaunchScreen.storyboard */ = {
			isa = PBXVariantGroup;
			children = (
				518E51372022FD8700BD22E6 /* Base */,
			);
			name = LaunchScreen.storyboard;
			sourceTree = "<group>";
		};
/* End PBXVariantGroup section */

/* Begin XCBuildConfiguration section */
		518E51472022FD8700BD22E6 /* Debug */ = {
			isa = XCBuildConfiguration;
			buildSettings = {
				ALWAYS_SEARCH_USER_PATHS = NO;
				CLANG_ANALYZER_NONNULL = YES;
				CLANG_ANALYZER_NUMBER_OBJECT_CONVERSION = YES_AGGRESSIVE;
				CLANG_CXX_LANGUAGE_STANDARD = "gnu++14";
				CLANG_CXX_LIBRARY = "libc++";
				CLANG_ENABLE_MODULES = YES;
				CLANG_ENABLE_OBJC_ARC = YES;
				CLANG_WARN_BLOCK_CAPTURE_AUTORELEASING = YES;
				CLANG_WARN_BOOL_CONVERSION = YES;
				CLANG_WARN_COMMA = YES;
				CLANG_WARN_CONSTANT_CONVERSION = YES;
				CLANG_WARN_DIRECT_OBJC_ISA_USAGE = YES_ERROR;
				CLANG_WARN_DOCUMENTATION_COMMENTS = YES;
				CLANG_WARN_EMPTY_BODY = YES;
				CLANG_WARN_ENUM_CONVERSION = YES;
				CLANG_WARN_INFINITE_RECURSION = YES;
				CLANG_WARN_INT_CONVERSION = YES;
				CLANG_WARN_NON_LITERAL_NULL_CONVERSION = YES;
				CLANG_WARN_OBJC_LITERAL_CONVERSION = YES;
				CLANG_WARN_OBJC_ROOT_CLASS = YES_ERROR;
				CLANG_WARN_RANGE_LOOP_ANALYSIS = YES;
				CLANG_WARN_STRICT_PROTOTYPES = YES;
				CLANG_WARN_SUSPICIOUS_MOVE = YES;
				CLANG_WARN_UNGUARDED_AVAILABILITY = YES_AGGRESSIVE;
				CLANG_WARN_UNREACHABLE_CODE = YES;
				CLANG_WARN__DUPLICATE_METHOD_MATCH = YES;
				CODE_SIGN_IDENTITY = "iPhone Developer";
				COPY_PHASE_STRIP = NO;
				DEBUG_INFORMATION_FORMAT = dwarf;
				ENABLE_STRICT_OBJC_MSGSEND = YES;
				ENABLE_TESTABILITY = YES;
				GCC_C_LANGUAGE_STANDARD = gnu11;
				GCC_DYNAMIC_NO_PIC = NO;
				GCC_NO_COMMON_BLOCKS = YES;
				GCC_OPTIMIZATION_LEVEL = 0;
				GCC_PREPROCESSOR_DEFINITIONS = (
					"DEBUG=1",
					"$(inherited)",
				);
				GCC_WARN_64_TO_32_BIT_CONVERSION = YES;
				GCC_WARN_ABOUT_RETURN_TYPE = YES_ERROR;
				GCC_WARN_UNDECLARED_SELECTOR = YES;
				GCC_WARN_UNINITIALIZED_AUTOS = YES_AGGRESSIVE;
				GCC_WARN_UNUSED_FUNCTION = YES;
				GCC_WARN_UNUSED_VARIABLE = YES;
				IPHONEOS_DEPLOYMENT_TARGET = 11.1;
				MTL_ENABLE_DEBUG_INFO = YES;
				ONLY_ACTIVE_ARCH = YES;
				SDKROOT = iphoneos;
			};
			name = Debug;
		};
		518E51482022FD8700BD22E6 /* Release */ = {
			isa = XCBuildConfiguration;
			buildSettings = {
				ALWAYS_SEARCH_USER_PATHS = NO;
				CLANG_ANALYZER_NONNULL = YES;
				CLANG_ANALYZER_NUMBER_OBJECT_CONVERSION = YES_AGGRESSIVE;
				CLANG_CXX_LANGUAGE_STANDARD = "gnu++14";
				CLANG_CXX_LIBRARY = "libc++";
				CLANG_ENABLE_MODULES = YES;
				CLANG_ENABLE_OBJC_ARC = YES;
				CLANG_WARN_BLOCK_CAPTURE_AUTORELEASING = YES;
				CLANG_WARN_BOOL_CONVERSION = YES;
				CLANG_WARN_COMMA = YES;
				CLANG_WARN_CONSTANT_CONVERSION = YES;
				CLANG_WARN_DIRECT_OBJC_ISA_USAGE = YES_ERROR;
				CLANG_WARN_DOCUMENTATION_COMMENTS = YES;
				CLANG_WARN_EMPTY_BODY = YES;
				CLANG_WARN_ENUM_CONVERSION = YES;
				CLANG_WARN_INFINITE_RECURSION = YES;
				CLANG_WARN_INT_CONVERSION = YES;
				CLANG_WARN_NON_LITERAL_NULL_CONVERSION = YES;
				CLANG_WARN_OBJC_LITERAL_CONVERSION = YES;
				CLANG_WARN_OBJC_ROOT_CLASS = YES_ERROR;
				CLANG_WARN_RANGE_LOOP_ANALYSIS = YES;
				CLANG_WARN_STRICT_PROTOTYPES = YES;
				CLANG_WARN_SUSPICIOUS_MOVE = YES;
				CLANG_WARN_UNGUARDED_AVAILABILITY = YES_AGGRESSIVE;
				CLANG_WARN_UNREACHABLE_CODE = YES;
				CLANG_WARN__DUPLICATE_METHOD_MATCH = YES;
				CODE_SIGN_IDENTITY = "iPhone Developer";
				COPY_PHASE_STRIP = NO;
				DEBUG_INFORMATION_FORMAT = "dwarf-with-dsym";
				ENABLE_NS_ASSERTIONS = NO;
				ENABLE_STRICT_OBJC_MSGSEND = YES;
				GCC_C_LANGUAGE_STANDARD = gnu11;
				GCC_NO_COMMON_BLOCKS = YES;
				GCC_WARN_64_TO_32_BIT_CONVERSION = YES;
				GCC_WARN_ABOUT_RETURN_TYPE = YES_ERROR;
				GCC_WARN_UNDECLARED_SELECTOR = YES;
				GCC_WARN_UNINITIALIZED_AUTOS = YES_AGGRESSIVE;
				GCC_WARN_UNUSED_FUNCTION = YES;
				GCC_WARN_UNUSED_VARIABLE = YES;
				IPHONEOS_DEPLOYMENT_TARGET = 11.1;
				MTL_ENABLE_DEBUG_INFO = NO;
				SDKROOT = iphoneos;
				VALIDATE_PRODUCT = YES;
			};
			name = Release;
		};
		518E514A2022FD8700BD22E6 /* Debug */ = {
			isa = XCBuildConfiguration;
			baseConfigurationReference = 93EE8DA273BBBFC4CBF54673 /* Pods-YTNewMedia_iOS.debug.xcconfig */;
			buildSettings = {
				ASSETCATALOG_COMPILER_APPICON_NAME = AppIcon;
				CODE_SIGN_STYLE = Automatic;
				DEVELOPMENT_TEAM = L9687TNJ7S;
				GCC_PRECOMPILE_PREFIX_HEADER = YES;
				GCC_PREFIX_HEADER = "$(SRCROOT)/YTNewMedia_iOS/Classes/Main/PrefixHeader.pch";
				INFOPLIST_FILE = YTNewMedia_iOS/Info.plist;
				IPHONEOS_DEPLOYMENT_TARGET = 10.3;
				LD_RUNPATH_SEARCH_PATHS = "$(inherited) @executable_path/Frameworks";
				PRODUCT_BUNDLE_IDENTIFIER = "Mr.Qu.YTNewMedia-iOS";
				PRODUCT_NAME = "$(TARGET_NAME)";
				TARGETED_DEVICE_FAMILY = "1,2";
			};
			name = Debug;
		};
		518E514B2022FD8700BD22E6 /* Release */ = {
			isa = XCBuildConfiguration;
			baseConfigurationReference = B36EAA9B332D6540B0A72CDD /* Pods-YTNewMedia_iOS.release.xcconfig */;
			buildSettings = {
				ASSETCATALOG_COMPILER_APPICON_NAME = AppIcon;
				CODE_SIGN_STYLE = Automatic;
				DEVELOPMENT_TEAM = L9687TNJ7S;
				GCC_PRECOMPILE_PREFIX_HEADER = YES;
				GCC_PREFIX_HEADER = "$(SRCROOT)/YTNewMedia_iOS/Classes/Main/PrefixHeader.pch";
				INFOPLIST_FILE = YTNewMedia_iOS/Info.plist;
				IPHONEOS_DEPLOYMENT_TARGET = 10.3;
				LD_RUNPATH_SEARCH_PATHS = "$(inherited) @executable_path/Frameworks";
				PRODUCT_BUNDLE_IDENTIFIER = "Mr.Qu.YTNewMedia-iOS";
				PRODUCT_NAME = "$(TARGET_NAME)";
				TARGETED_DEVICE_FAMILY = "1,2";
			};
			name = Release;
		};
		518E514D2022FD8700BD22E6 /* Debug */ = {
			isa = XCBuildConfiguration;
			baseConfigurationReference = 94BA787A92254D751F66FF0D /* Pods-YTNewMedia_iOSTests.debug.xcconfig */;
			buildSettings = {
				BUNDLE_LOADER = "$(TEST_HOST)";
				CODE_SIGN_STYLE = Automatic;
				INFOPLIST_FILE = YTNewMedia_iOSTests/Info.plist;
				LD_RUNPATH_SEARCH_PATHS = "$(inherited) @executable_path/Frameworks @loader_path/Frameworks";
				PRODUCT_BUNDLE_IDENTIFIER = "Mr.Qu.YTNewMedia-iOSTests";
				PRODUCT_NAME = "$(TARGET_NAME)";
				TARGETED_DEVICE_FAMILY = "1,2";
				TEST_HOST = "$(BUILT_PRODUCTS_DIR)/YTNewMedia_iOS.app/YTNewMedia_iOS";
			};
			name = Debug;
		};
		518E514E2022FD8700BD22E6 /* Release */ = {
			isa = XCBuildConfiguration;
			baseConfigurationReference = 34A0A231D212B0B634083DE0 /* Pods-YTNewMedia_iOSTests.release.xcconfig */;
			buildSettings = {
				BUNDLE_LOADER = "$(TEST_HOST)";
				CODE_SIGN_STYLE = Automatic;
				INFOPLIST_FILE = YTNewMedia_iOSTests/Info.plist;
				LD_RUNPATH_SEARCH_PATHS = "$(inherited) @executable_path/Frameworks @loader_path/Frameworks";
				PRODUCT_BUNDLE_IDENTIFIER = "Mr.Qu.YTNewMedia-iOSTests";
				PRODUCT_NAME = "$(TARGET_NAME)";
				TARGETED_DEVICE_FAMILY = "1,2";
				TEST_HOST = "$(BUILT_PRODUCTS_DIR)/YTNewMedia_iOS.app/YTNewMedia_iOS";
			};
			name = Release;
		};
/* End XCBuildConfiguration section */

/* Begin XCConfigurationList section */
		518E51232022FD8700BD22E6 /* Build configuration list for PBXProject "YTNewMedia_iOS" */ = {
			isa = XCConfigurationList;
			buildConfigurations = (
				518E51472022FD8700BD22E6 /* Debug */,
				518E51482022FD8700BD22E6 /* Release */,
			);
			defaultConfigurationIsVisible = 0;
			defaultConfigurationName = Release;
		};
		518E51492022FD8700BD22E6 /* Build configuration list for PBXNativeTarget "YTNewMedia_iOS" */ = {
			isa = XCConfigurationList;
			buildConfigurations = (
				518E514A2022FD8700BD22E6 /* Debug */,
				518E514B2022FD8700BD22E6 /* Release */,
			);
			defaultConfigurationIsVisible = 0;
			defaultConfigurationName = Release;
		};
		518E514C2022FD8700BD22E6 /* Build configuration list for PBXNativeTarget "YTNewMedia_iOSTests" */ = {
			isa = XCConfigurationList;
			buildConfigurations = (
				518E514D2022FD8700BD22E6 /* Debug */,
				518E514E2022FD8700BD22E6 /* Release */,
			);
			defaultConfigurationIsVisible = 0;
			defaultConfigurationName = Release;
		};
/* End XCConfigurationList section */
	};
	rootObject = 518E51202022FD8700BD22E6 /* Project object */;
}
